// !$*UTF8*$!
{
	archiveVersion = 1;
	classes = {
	};
	objectVersion = 50;
	objects = {

/* Begin PBXBuildFile section */
		65170DB12090AB8F003C7E52 /* JRDigitalKlotskiManager.m in Sources */ = {isa = PBXBuildFile; fileRef = 65170DB02090AB8F003C7E52 /* JRDigitalKlotskiManager.m */; };
		65170DB42090AC9E003C7E52 /* JRDigitalModel.m in Sources */ = {isa = PBXBuildFile; fileRef = 65170DB32090AC9E003C7E52 /* JRDigitalModel.m */; };
		65170DB82090B879003C7E52 /* JRDigitalKlotskiView.m in Sources */ = {isa = PBXBuildFile; fileRef = 65170DB72090B879003C7E52 /* JRDigitalKlotskiView.m */; };
		65170DBB2090B887003C7E52 /* JRDigitalView.m in Sources */ = {isa = PBXBuildFile; fileRef = 65170DBA2090B887003C7E52 /* JRDigitalView.m */; };
		65C2A14120908D4500266000 /* AppDelegate.m in Sources */ = {isa = PBXBuildFile; fileRef = 65C2A14020908D4500266000 /* AppDelegate.m */; };
		65C2A14420908D4500266000 /* ViewController.m in Sources */ = {isa = PBXBuildFile; fileRef = 65C2A14320908D4500266000 /* ViewController.m */; };
		65C2A14720908D4500266000 /* Main.storyboard in Resources */ = {isa = PBXBuildFile; fileRef = 65C2A14520908D4500266000 /* Main.storyboard */; };
		65C2A14920908D4C00266000 /* Assets.xcassets in Resources */ = {isa = PBXBuildFile; fileRef = 65C2A14820908D4C00266000 /* Assets.xcassets */; };
		65C2A14C20908D4C00266000 /* LaunchScreen.storyboard in Resources */ = {isa = PBXBuildFile; fileRef = 65C2A14A20908D4C00266000 /* LaunchScreen.storyboard */; };
		65C2A14F20908D4C00266000 /* main.m in Sources */ = {isa = PBXBuildFile; fileRef = 65C2A14E20908D4C00266000 /* main.m */; };
		65C2A15920908D4D00266000 /* JRDigitalKlotskiTests.m in Sources */ = {isa = PBXBuildFile; fileRef = 65C2A15820908D4D00266000 /* JRDigitalKlotskiTests.m */; };
		65C2A16420908D4D00266000 /* JRDigitalKlotskiUITests.m in Sources */ = {isa = PBXBuildFile; fileRef = 65C2A16320908D4D00266000 /* JRDigitalKlotskiUITests.m */; };
		65E9827F209166D5009A81A2 /* JRUtils.m in Sources */ = {isa = PBXBuildFile; fileRef = 65E9827E209166D5009A81A2 /* JRUtils.m */; };
		65E9828120919690009A81A2 /* football.png in Resources */ = {isa = PBXBuildFile; fileRef = 65E9828020919690009A81A2 /* football.png */; };
		65EF16292091F9920062750B /* JRSelectLevelViewController.m in Sources */ = {isa = PBXBuildFile; fileRef = 65EF16272091F9920062750B /* JRSelectLevelViewController.m */; };
		65EF162A2091F9920062750B /* JRSelectLevelViewController.xib in Resources */ = {isa = PBXBuildFile; fileRef = 65EF16282091F9920062750B /* JRSelectLevelViewController.xib */; };
		65EF162E2091F9A90062750B /* JRLevelDetailsViewController.m in Sources */ = {isa = PBXBuildFile; fileRef = 65EF162C2091F9A90062750B /* JRLevelDetailsViewController.m */; };
		65EF162F2091F9A90062750B /* JRLevelDetailsViewController.xib in Resources */ = {isa = PBXBuildFile; fileRef = 65EF162D2091F9A90062750B /* JRLevelDetailsViewController.xib */; };
		65EF16322091FBF30062750B /* UIColor+HEX.m in Sources */ = {isa = PBXBuildFile; fileRef = 65EF16312091FBF30062750B /* UIColor+HEX.m */; };
		65EF16352091FC510062750B /* JRUserDefaultsManager.m in Sources */ = {isa = PBXBuildFile; fileRef = 65EF16332091FC510062750B /* JRUserDefaultsManager.m */; };
		65EF163E2091FE370062750B /* JRCustomViewController.m in Sources */ = {isa = PBXBuildFile; fileRef = 65EF163C2091FE370062750B /* JRCustomViewController.m */; };
		65EF163F2091FE370062750B /* JRCustomViewController.xib in Resources */ = {isa = PBXBuildFile; fileRef = 65EF163D2091FE370062750B /* JRCustomViewController.xib */; };
		65EF16432091FE480062750B /* JRIntroductionViewController.m in Sources */ = {isa = PBXBuildFile; fileRef = 65EF16412091FE480062750B /* JRIntroductionViewController.m */; };
		65EF16442091FE480062750B /* JRIntroductionViewController.xib in Resources */ = {isa = PBXBuildFile; fileRef = 65EF16422091FE480062750B /* JRIntroductionViewController.xib */; };
		65F033C72092A47200965DBF /* JRCustomLevelViewController.m in Sources */ = {isa = PBXBuildFile; fileRef = 65F033C52092A47200965DBF /* JRCustomLevelViewController.m */; };
		65F033C82092A47200965DBF /* JRCustomLevelViewController.xib in Resources */ = {isa = PBXBuildFile; fileRef = 65F033C62092A47200965DBF /* JRCustomLevelViewController.xib */; };
		65F033CD2092B98400965DBF /* football03.png in Resources */ = {isa = PBXBuildFile; fileRef = 65F033C92092B98300965DBF /* football03.png */; };
		65F033CE2092B98400965DBF /* football04.png in Resources */ = {isa = PBXBuildFile; fileRef = 65F033CA2092B98400965DBF /* football04.png */; };
		65F033CF2092B98400965DBF /* football02.png in Resources */ = {isa = PBXBuildFile; fileRef = 65F033CB2092B98400965DBF /* football02.png */; };
		65F033D02092B98400965DBF /* football01.png in Resources */ = {isa = PBXBuildFile; fileRef = 65F033CC2092B98400965DBF /* football01.png */; };
		65F033D32092C25400965DBF /* help.png in Resources */ = {isa = PBXBuildFile; fileRef = 65F033D12092C25400965DBF /* help.png */; };
		65F033D42092C25400965DBF /* goback.png in Resources */ = {isa = PBXBuildFile; fileRef = 65F033D22092C25400965DBF /* goback.png */; };
		65F033DA2092C62B00965DBF /* selectLevel_lock.png in Resources */ = {isa = PBXBuildFile; fileRef = 65F033D92092C62B00965DBF /* selectLevel_lock.png */; };
		65F033DE2092D14B00965DBF /* football05.png in Resources */ = {isa = PBXBuildFile; fileRef = 65F033DB2092D14A00965DBF /* football05.png */; };
		65F033DF2092D14B00965DBF /* football06.png in Resources */ = {isa = PBXBuildFile; fileRef = 65F033DC2092D14A00965DBF /* football06.png */; };
		65F033E02092D14B00965DBF /* levelBack.png in Resources */ = {isa = PBXBuildFile; fileRef = 65F033DD2092D14A00965DBF /* levelBack.png */; };
		65F033E22092D88000965DBF /* selectBack.png in Resources */ = {isa = PBXBuildFile; fileRef = 65F033E12092D88000965DBF /* selectBack.png */; };
		65F033E42092E12000965DBF /* launchImg.png in Resources */ = {isa = PBXBuildFile; fileRef = 65F033E32092E12000965DBF /* launchImg.png */; };
		7F4AEA1441809205DF89CE9A /* libPods-JRDigitalKlotski.a in Frameworks */ = {isa = PBXBuildFile; fileRef = 684F43B01F2F7403A8D5FC72 /* libPods-JRDigitalKlotski.a */; };
/* End PBXBuildFile section */

/* Begin PBXContainerItemProxy section */
		65C2A15520908D4D00266000 /* PBXContainerItemProxy */ = {
			isa = PBXContainerItemProxy;
			containerPortal = 65C2A13420908D4500266000 /* Project object */;
			proxyType = 1;
			remoteGlobalIDString = 65C2A13B20908D4500266000;
			remoteInfo = JRDigitalKlotski;
		};
		65C2A16020908D4D00266000 /* PBXContainerItemProxy */ = {
			isa = PBXContainerItemProxy;
			containerPortal = 65C2A13420908D4500266000 /* Project object */;
			proxyType = 1;
			remoteGlobalIDString = 65C2A13B20908D4500266000;
			remoteInfo = JRDigitalKlotski;
		};
/* End PBXContainerItemProxy section */

/* Begin PBXFileReference section */
		181F759080968FFF35FA6846 /* Pods-JRDigitalKlotski.release.xcconfig */ = {isa = PBXFileReference; includeInIndex = 1; lastKnownFileType = text.xcconfig; name = "Pods-JRDigitalKlotski.release.xcconfig"; path = "Pods/Target Support Files/Pods-JRDigitalKlotski/Pods-JRDigitalKlotski.release.xcconfig"; sourceTree = "<group>"; };
		65170DAF2090AB8F003C7E52 /* JRDigitalKlotskiManager.h */ = {isa = PBXFileReference; lastKnownFileType = sourcecode.c.h; path = JRDigitalKlotskiManager.h; sourceTree = "<group>"; };
		65170DB02090AB8F003C7E52 /* JRDigitalKlotskiManager.m */ = {isa = PBXFileReference; lastKnownFileType = sourcecode.c.objc; path = JRDigitalKlotskiManager.m; sourceTree = "<group>"; };
		65170DB22090AC9E003C7E52 /* JRDigitalModel.h */ = {isa = PBXFileReference; lastKnownFileType = sourcecode.c.h; path = JRDigitalModel.h; sourceTree = "<group>"; };
		65170DB32090AC9E003C7E52 /* JRDigitalModel.m */ = {isa = PBXFileReference; lastKnownFileType = sourcecode.c.objc; path = JRDigitalModel.m; sourceTree = "<group>"; };
		65170DB52090B419003C7E52 /* PrefixHeader.pch */ = {isa = PBXFileReference; lastKnownFileType = sourcecode.c.h; path = PrefixHeader.pch; sourceTree = "<group>"; };
		65170DB62090B879003C7E52 /* JRDigitalKlotskiView.h */ = {isa = PBXFileReference; lastKnownFileType = sourcecode.c.h; path = JRDigitalKlotskiView.h; sourceTree = "<group>"; };
		65170DB72090B879003C7E52 /* JRDigitalKlotskiView.m */ = {isa = PBXFileReference; lastKnownFileType = sourcecode.c.objc; path = JRDigitalKlotskiView.m; sourceTree = "<group>"; };
		65170DB92090B887003C7E52 /* JRDigitalView.h */ = {isa = PBXFileReference; lastKnownFileType = sourcecode.c.h; path = JRDigitalView.h; sourceTree = "<group>"; };
		65170DBA2090B887003C7E52 /* JRDigitalView.m */ = {isa = PBXFileReference; lastKnownFileType = sourcecode.c.objc; path = JRDigitalView.m; sourceTree = "<group>"; };
		65170DBC2090BA3B003C7E52 /* Help.h */ = {isa = PBXFileReference; lastKnownFileType = sourcecode.c.h; path = Help.h; sourceTree = "<group>"; };
		65C2A13C20908D4500266000 /* JRDigitalKlotski.app */ = {isa = PBXFileReference; explicitFileType = wrapper.application; includeInIndex = 0; path = JRDigitalKlotski.app; sourceTree = BUILT_PRODUCTS_DIR; };
		65C2A13F20908D4500266000 /* AppDelegate.h */ = {isa = PBXFileReference; lastKnownFileType = sourcecode.c.h; path = AppDelegate.h; sourceTree = "<group>"; };
		65C2A14020908D4500266000 /* AppDelegate.m */ = {isa = PBXFileReference; lastKnownFileType = sourcecode.c.objc; path = AppDelegate.m; sourceTree = "<group>"; };
		65C2A14220908D4500266000 /* ViewController.h */ = {isa = PBXFileReference; lastKnownFileType = sourcecode.c.h; path = ViewController.h; sourceTree = "<group>"; };
		65C2A14320908D4500266000 /* ViewController.m */ = {isa = PBXFileReference; lastKnownFileType = sourcecode.c.objc; path = ViewController.m; sourceTree = "<group>"; };
		65C2A14620908D4500266000 /* Base */ = {isa = PBXFileReference; lastKnownFileType = file.storyboard; name = Base; path = Base.lproj/Main.storyboard; sourceTree = "<group>"; };
		65C2A14820908D4C00266000 /* Assets.xcassets */ = {isa = PBXFileReference; lastKnownFileType = folder.assetcatalog; path = Assets.xcassets; sourceTree = "<group>"; };
		65C2A14B20908D4C00266000 /* Base */ = {isa = PBXFileReference; lastKnownFileType = file.storyboard; name = Base; path = Base.lproj/LaunchScreen.storyboard; sourceTree = "<group>"; };
		65C2A14D20908D4C00266000 /* Info.plist */ = {isa = PBXFileReference; lastKnownFileType = text.plist.xml; path = Info.plist; sourceTree = "<group>"; };
		65C2A14E20908D4C00266000 /* main.m */ = {isa = PBXFileReference; lastKnownFileType = sourcecode.c.objc; path = main.m; sourceTree = "<group>"; };
		65C2A15420908D4D00266000 /* JRDigitalKlotskiTests.xctest */ = {isa = PBXFileReference; explicitFileType = wrapper.cfbundle; includeInIndex = 0; path = JRDigitalKlotskiTests.xctest; sourceTree = BUILT_PRODUCTS_DIR; };
		65C2A15820908D4D00266000 /* JRDigitalKlotskiTests.m */ = {isa = PBXFileReference; lastKnownFileType = sourcecode.c.objc; path = JRDigitalKlotskiTests.m; sourceTree = "<group>"; };
		65C2A15A20908D4D00266000 /* Info.plist */ = {isa = PBXFileReference; lastKnownFileType = text.plist.xml; path = Info.plist; sourceTree = "<group>"; };
		65C2A15F20908D4D00266000 /* JRDigitalKlotskiUITests.xctest */ = {isa = PBXFileReference; explicitFileType = wrapper.cfbundle; includeInIndex = 0; path = JRDigitalKlotskiUITests.xctest; sourceTree = BUILT_PRODUCTS_DIR; };
		65C2A16320908D4D00266000 /* JRDigitalKlotskiUITests.m */ = {isa = PBXFileReference; lastKnownFileType = sourcecode.c.objc; path = JRDigitalKlotskiUITests.m; sourceTree = "<group>"; };
		65C2A16520908D4D00266000 /* Info.plist */ = {isa = PBXFileReference; lastKnownFileType = text.plist.xml; path = Info.plist; sourceTree = "<group>"; };
		65E9827D209166D5009A81A2 /* JRUtils.h */ = {isa = PBXFileReference; lastKnownFileType = sourcecode.c.h; path = JRUtils.h; sourceTree = "<group>"; };
		65E9827E209166D5009A81A2 /* JRUtils.m */ = {isa = PBXFileReference; lastKnownFileType = sourcecode.c.objc; path = JRUtils.m; sourceTree = "<group>"; };
		65E9828020919690009A81A2 /* football.png */ = {isa = PBXFileReference; lastKnownFileType = image.png; path = football.png; sourceTree = "<group>"; };
		65EF16262091F9920062750B /* JRSelectLevelViewController.h */ = {isa = PBXFileReference; lastKnownFileType = sourcecode.c.h; path = JRSelectLevelViewController.h; sourceTree = "<group>"; };
		65EF16272091F9920062750B /* JRSelectLevelViewController.m */ = {isa = PBXFileReference; lastKnownFileType = sourcecode.c.objc; path = JRSelectLevelViewController.m; sourceTree = "<group>"; };
		65EF16282091F9920062750B /* JRSelectLevelViewController.xib */ = {isa = PBXFileReference; lastKnownFileType = file.xib; path = JRSelectLevelViewController.xib; sourceTree = "<group>"; };
		65EF162B2091F9A90062750B /* JRLevelDetailsViewController.h */ = {isa = PBXFileReference; lastKnownFileType = sourcecode.c.h; path = JRLevelDetailsViewController.h; sourceTree = "<group>"; };
		65EF162C2091F9A90062750B /* JRLevelDetailsViewController.m */ = {isa = PBXFileReference; lastKnownFileType = sourcecode.c.objc; path = JRLevelDetailsViewController.m; sourceTree = "<group>"; };
		65EF162D2091F9A90062750B /* JRLevelDetailsViewController.xib */ = {isa = PBXFileReference; lastKnownFileType = file.xib; path = JRLevelDetailsViewController.xib; sourceTree = "<group>"; };
		65EF16302091FBF30062750B /* UIColor+HEX.h */ = {isa = PBXFileReference; fileEncoding = 4; lastKnownFileType = sourcecode.c.h; path = "UIColor+HEX.h"; sourceTree = "<group>"; };
		65EF16312091FBF30062750B /* UIColor+HEX.m */ = {isa = PBXFileReference; fileEncoding = 4; lastKnownFileType = sourcecode.c.objc; path = "UIColor+HEX.m"; sourceTree = "<group>"; };
		65EF16332091FC510062750B /* JRUserDefaultsManager.m */ = {isa = PBXFileReference; fileEncoding = 4; lastKnownFileType = sourcecode.c.objc; path = JRUserDefaultsManager.m; sourceTree = "<group>"; };
		65EF16342091FC510062750B /* JRUserDefaultsManager.h */ = {isa = PBXFileReference; fileEncoding = 4; lastKnownFileType = sourcecode.c.h; path = JRUserDefaultsManager.h; sourceTree = "<group>"; };
		65EF163B2091FE370062750B /* JRCustomViewController.h */ = {isa = PBXFileReference; lastKnownFileType = sourcecode.c.h; path = JRCustomViewController.h; sourceTree = "<group>"; };
		65EF163C2091FE370062750B /* JRCustomViewController.m */ = {isa = PBXFileReference; lastKnownFileType = sourcecode.c.objc; path = JRCustomViewController.m; sourceTree = "<group>"; };
		65EF163D2091FE370062750B /* JRCustomViewController.xib */ = {isa = PBXFileReference; lastKnownFileType = file.xib; path = JRCustomViewController.xib; sourceTree = "<group>"; };
		65EF16402091FE480062750B /* JRIntroductionViewController.h */ = {isa = PBXFileReference; lastKnownFileType = sourcecode.c.h; path = JRIntroductionViewController.h; sourceTree = "<group>"; };
		65EF16412091FE480062750B /* JRIntroductionViewController.m */ = {isa = PBXFileReference; lastKnownFileType = sourcecode.c.objc; path = JRIntroductionViewController.m; sourceTree = "<group>"; };
		65EF16422091FE480062750B /* JRIntroductionViewController.xib */ = {isa = PBXFileReference; lastKnownFileType = file.xib; path = JRIntroductionViewController.xib; sourceTree = "<group>"; };
		65F033C42092A47200965DBF /* JRCustomLevelViewController.h */ = {isa = PBXFileReference; lastKnownFileType = sourcecode.c.h; path = JRCustomLevelViewController.h; sourceTree = "<group>"; };
		65F033C52092A47200965DBF /* JRCustomLevelViewController.m */ = {isa = PBXFileReference; lastKnownFileType = sourcecode.c.objc; path = JRCustomLevelViewController.m; sourceTree = "<group>"; };
		65F033C62092A47200965DBF /* JRCustomLevelViewController.xib */ = {isa = PBXFileReference; lastKnownFileType = file.xib; path = JRCustomLevelViewController.xib; sourceTree = "<group>"; };
		65F033C92092B98300965DBF /* football03.png */ = {isa = PBXFileReference; lastKnownFileType = image.png; path = football03.png; sourceTree = "<group>"; };
		65F033CA2092B98400965DBF /* football04.png */ = {isa = PBXFileReference; lastKnownFileType = image.png; path = football04.png; sourceTree = "<group>"; };
		65F033CB2092B98400965DBF /* football02.png */ = {isa = PBXFileReference; lastKnownFileType = image.png; path = football02.png; sourceTree = "<group>"; };
		65F033CC2092B98400965DBF /* football01.png */ = {isa = PBXFileReference; lastKnownFileType = image.png; path = football01.png; sourceTree = "<group>"; };
		65F033D12092C25400965DBF /* help.png */ = {isa = PBXFileReference; lastKnownFileType = image.png; path = help.png; sourceTree = "<group>"; };
		65F033D22092C25400965DBF /* goback.png */ = {isa = PBXFileReference; lastKnownFileType = image.png; path = goback.png; sourceTree = "<group>"; };
		65F033D92092C62B00965DBF /* selectLevel_lock.png */ = {isa = PBXFileReference; lastKnownFileType = image.png; path = selectLevel_lock.png; sourceTree = "<group>"; };
		65F033DB2092D14A00965DBF /* football05.png */ = {isa = PBXFileReference; lastKnownFileType = image.png; path = football05.png; sourceTree = "<group>"; };
		65F033DC2092D14A00965DBF /* football06.png */ = {isa = PBXFileReference; lastKnownFileType = image.png; path = football06.png; sourceTree = "<group>"; };
		65F033DD2092D14A00965DBF /* levelBack.png */ = {isa = PBXFileReference; lastKnownFileType = image.png; path = levelBack.png; sourceTree = "<group>"; };
		65F033E12092D88000965DBF /* selectBack.png */ = {isa = PBXFileReference; lastKnownFileType = image.png; path = selectBack.png; sourceTree = "<group>"; };
		65F033E32092E12000965DBF /* launchImg.png */ = {isa = PBXFileReference; lastKnownFileType = image.png; path = launchImg.png; sourceTree = "<group>"; };
		684F43B01F2F7403A8D5FC72 /* libPods-JRDigitalKlotski.a */ = {isa = PBXFileReference; explicitFileType = archive.ar; includeInIndex = 0; path = "libPods-JRDigitalKlotski.a"; sourceTree = BUILT_PRODUCTS_DIR; };
		E732DE43E5E3E4B78A2D06B8 /* Pods-JRDigitalKlotski.debug.xcconfig */ = {isa = PBXFileReference; includeInIndex = 1; lastKnownFileType = text.xcconfig; name = "Pods-JRDigitalKlotski.debug.xcconfig"; path = "Pods/Target Support Files/Pods-JRDigitalKlotski/Pods-JRDigitalKlotski.debug.xcconfig"; sourceTree = "<group>"; };
/* End PBXFileReference section */

/* Begin PBXFrameworksBuildPhase section */
		65C2A13920908D4500266000 /* Frameworks */ = {
			isa = PBXFrameworksBuildPhase;
			buildActionMask = 2147483647;
			files = (
				7F4AEA1441809205DF89CE9A /* libPods-JRDigitalKlotski.a in Frameworks */,
			);
			runOnlyForDeploymentPostprocessing = 0;
		};
		65C2A15120908D4D00266000 /* Frameworks */ = {
			isa = PBXFrameworksBuildPhase;
			buildActionMask = 2147483647;
			files = (
			);
			runOnlyForDeploymentPostprocessing = 0;
		};
		65C2A15C20908D4D00266000 /* Frameworks */ = {
			isa = PBXFrameworksBuildPhase;
			buildActionMask = 2147483647;
			files = (
			);
			runOnlyForDeploymentPostprocessing = 0;
		};
/* End PBXFrameworksBuildPhase section */

/* Begin PBXGroup section */
		2F807C9E3638328A6AF12F5B /* Pods */ = {
			isa = PBXGroup;
			children = (
				E732DE43E5E3E4B78A2D06B8 /* Pods-JRDigitalKlotski.debug.xcconfig */,
				181F759080968FFF35FA6846 /* Pods-JRDigitalKlotski.release.xcconfig */,
			);
			name = Pods;
			sourceTree = "<group>";
		};
		65C2A13320908D4500266000 = {
			isa = PBXGroup;
			children = (
				65C2A13E20908D4500266000 /* JRDigitalKlotski */,
				65C2A15720908D4D00266000 /* JRDigitalKlotskiTests */,
				65C2A16220908D4D00266000 /* JRDigitalKlotskiUITests */,
				65C2A13D20908D4500266000 /* Products */,
				2F807C9E3638328A6AF12F5B /* Pods */,
				AE09D149058879F83DF772F6 /* Frameworks */,
			);
			sourceTree = "<group>";
		};
		65C2A13D20908D4500266000 /* Products */ = {
			isa = PBXGroup;
			children = (
				65C2A13C20908D4500266000 /* JRDigitalKlotski.app */,
				65C2A15420908D4D00266000 /* JRDigitalKlotskiTests.xctest */,
				65C2A15F20908D4D00266000 /* JRDigitalKlotskiUITests.xctest */,
			);
			name = Products;
			sourceTree = "<group>";
		};
		65C2A13E20908D4500266000 /* JRDigitalKlotski */ = {
			isa = PBXGroup;
			children = (
				65C2A17520908DB600266000 /* Resources */,
				65C2A17420908DA900266000 /* Utils */,
				65C2A17120908D8000266000 /* Model */,
				65C2A17220908D9400266000 /* View */,
				65C2A17320908DA100266000 /* Controller */,
				65C2A13F20908D4500266000 /* AppDelegate.h */,
				65C2A14020908D4500266000 /* AppDelegate.m */,
				65C2A14220908D4500266000 /* ViewController.h */,
				65C2A14320908D4500266000 /* ViewController.m */,
				65C2A14520908D4500266000 /* Main.storyboard */,
				65C2A14820908D4C00266000 /* Assets.xcassets */,
				65C2A14A20908D4C00266000 /* LaunchScreen.storyboard */,
				65C2A14D20908D4C00266000 /* Info.plist */,
				65C2A14E20908D4C00266000 /* main.m */,
			);
			path = JRDigitalKlotski;
			sourceTree = "<group>";
		};
		65C2A15720908D4D00266000 /* JRDigitalKlotskiTests */ = {
			isa = PBXGroup;
			children = (
				65C2A15820908D4D00266000 /* JRDigitalKlotskiTests.m */,
				65C2A15A20908D4D00266000 /* Info.plist */,
			);
			path = JRDigitalKlotskiTests;
			sourceTree = "<group>";
		};
		65C2A16220908D4D00266000 /* JRDigitalKlotskiUITests */ = {
			isa = PBXGroup;
			children = (
				65C2A16320908D4D00266000 /* JRDigitalKlotskiUITests.m */,
				65C2A16520908D4D00266000 /* Info.plist */,
			);
			path = JRDigitalKlotskiUITests;
			sourceTree = "<group>";
		};
		65C2A17120908D8000266000 /* Model */ = {
			isa = PBXGroup;
			children = (
				65170DB22090AC9E003C7E52 /* JRDigitalModel.h */,
				65170DB32090AC9E003C7E52 /* JRDigitalModel.m */,
			);
			path = Model;
			sourceTree = "<group>";
		};
		65C2A17220908D9400266000 /* View */ = {
			isa = PBXGroup;
			children = (
				65170DB62090B879003C7E52 /* JRDigitalKlotskiView.h */,
				65170DB72090B879003C7E52 /* JRDigitalKlotskiView.m */,
				65170DB92090B887003C7E52 /* JRDigitalView.h */,
				65170DBA2090B887003C7E52 /* JRDigitalView.m */,
			);
			path = View;
			sourceTree = "<group>";
		};
		65C2A17320908DA100266000 /* Controller */ = {
			isa = PBXGroup;
			children = (
				65EF16262091F9920062750B /* JRSelectLevelViewController.h */,
				65EF16272091F9920062750B /* JRSelectLevelViewController.m */,
				65EF16282091F9920062750B /* JRSelectLevelViewController.xib */,
				65EF162B2091F9A90062750B /* JRLevelDetailsViewController.h */,
				65EF162C2091F9A90062750B /* JRLevelDetailsViewController.m */,
				65EF162D2091F9A90062750B /* JRLevelDetailsViewController.xib */,
				65EF163B2091FE370062750B /* JRCustomViewController.h */,
				65EF163C2091FE370062750B /* JRCustomViewController.m */,
				65EF163D2091FE370062750B /* JRCustomViewController.xib */,
				65F033C42092A47200965DBF /* JRCustomLevelViewController.h */,
				65F033C52092A47200965DBF /* JRCustomLevelViewController.m */,
				65F033C62092A47200965DBF /* JRCustomLevelViewController.xib */,
				65EF16402091FE480062750B /* JRIntroductionViewController.h */,
				65EF16412091FE480062750B /* JRIntroductionViewController.m */,
				65EF16422091FE480062750B /* JRIntroductionViewController.xib */,
			);
			path = Controller;
			sourceTree = "<group>";
		};
		65C2A17420908DA900266000 /* Utils */ = {
			isa = PBXGroup;
			children = (
				65EF16342091FC510062750B /* JRUserDefaultsManager.h */,
				65EF16332091FC510062750B /* JRUserDefaultsManager.m */,
				65EF16302091FBF30062750B /* UIColor+HEX.h */,
				65EF16312091FBF30062750B /* UIColor+HEX.m */,
				65170DAF2090AB8F003C7E52 /* JRDigitalKlotskiManager.h */,
				65170DB02090AB8F003C7E52 /* JRDigitalKlotskiManager.m */,
				65170DB52090B419003C7E52 /* PrefixHeader.pch */,
				65170DBC2090BA3B003C7E52 /* Help.h */,
				65E9827D209166D5009A81A2 /* JRUtils.h */,
				65E9827E209166D5009A81A2 /* JRUtils.m */,
			);
			path = Utils;
			sourceTree = "<group>";
		};
		65C2A17520908DB600266000 /* Resources */ = {
			isa = PBXGroup;
			children = (
				65F033E32092E12000965DBF /* launchImg.png */,
				65F033E12092D88000965DBF /* selectBack.png */,
				65F033DB2092D14A00965DBF /* football05.png */,
				65F033DC2092D14A00965DBF /* football06.png */,
				65F033DD2092D14A00965DBF /* levelBack.png */,
				65F033D92092C62B00965DBF /* selectLevel_lock.png */,
				65F033D22092C25400965DBF /* goback.png */,
				65F033D12092C25400965DBF /* help.png */,
				65F033CC2092B98400965DBF /* football01.png */,
				65F033CB2092B98400965DBF /* football02.png */,
				65F033C92092B98300965DBF /* football03.png */,
				65F033CA2092B98400965DBF /* football04.png */,
				65E9828020919690009A81A2 /* football.png */,
			);
			path = Resources;
			sourceTree = "<group>";
		};
		AE09D149058879F83DF772F6 /* Frameworks */ = {
			isa = PBXGroup;
			children = (
				684F43B01F2F7403A8D5FC72 /* libPods-JRDigitalKlotski.a */,
			);
			name = Frameworks;
			sourceTree = "<group>";
		};
/* End PBXGroup section */

/* Begin PBXNativeTarget section */
		65C2A13B20908D4500266000 /* JRDigitalKlotski */ = {
			isa = PBXNativeTarget;
			buildConfigurationList = 65C2A16820908D4E00266000 /* Build configuration list for PBXNativeTarget "JRDigitalKlotski" */;
			buildPhases = (
				D99D0969CE13A2F1B85EDAA9 /* [CP] Check Pods Manifest.lock */,
				65C2A13820908D4500266000 /* Sources */,
				65C2A13920908D4500266000 /* Frameworks */,
				65C2A13A20908D4500266000 /* Resources */,
				8B1237D46F2D01CFFBAE2817 /* [CP] Embed Pods Frameworks */,
				B2D202B7921F69CE87A29DCD /* [CP] Copy Pods Resources */,
			);
			buildRules = (
			);
			dependencies = (
			);
			name = JRDigitalKlotski;
			productName = JRDigitalKlotski;
			productReference = 65C2A13C20908D4500266000 /* JRDigitalKlotski.app */;
			productType = "com.apple.product-type.application";
		};
		65C2A15320908D4D00266000 /* JRDigitalKlotskiTests */ = {
			isa = PBXNativeTarget;
			buildConfigurationList = 65C2A16B20908D4E00266000 /* Build configuration list for PBXNativeTarget "JRDigitalKlotskiTests" */;
			buildPhases = (
				65C2A15020908D4D00266000 /* Sources */,
				65C2A15120908D4D00266000 /* Frameworks */,
				65C2A15220908D4D00266000 /* Resources */,
			);
			buildRules = (
			);
			dependencies = (
				65C2A15620908D4D00266000 /* PBXTargetDependency */,
			);
			name = JRDigitalKlotskiTests;
			productName = JRDigitalKlotskiTests;
			productReference = 65C2A15420908D4D00266000 /* JRDigitalKlotskiTests.xctest */;
			productType = "com.apple.product-type.bundle.unit-test";
		};
		65C2A15E20908D4D00266000 /* JRDigitalKlotskiUITests */ = {
			isa = PBXNativeTarget;
			buildConfigurationList = 65C2A16E20908D4E00266000 /* Build configuration list for PBXNativeTarget "JRDigitalKlotskiUITests" */;
			buildPhases = (
				65C2A15B20908D4D00266000 /* Sources */,
				65C2A15C20908D4D00266000 /* Frameworks */,
				65C2A15D20908D4D00266000 /* Resources */,
			);
			buildRules = (
			);
			dependencies = (
				65C2A16120908D4D00266000 /* PBXTargetDependency */,
			);
			name = JRDigitalKlotskiUITests;
			productName = JRDigitalKlotskiUITests;
			productReference = 65C2A15F20908D4D00266000 /* JRDigitalKlotskiUITests.xctest */;
			productType = "com.apple.product-type.bundle.ui-testing";
		};
/* End PBXNativeTarget section */

/* Begin PBXProject section */
		65C2A13420908D4500266000 /* Project object */ = {
			isa = PBXProject;
			attributes = {
				CLASSPREFIX = JR;
				LastUpgradeCheck = 0930;
				ORGANIZATIONNAME = tulip;
				TargetAttributes = {
					65C2A13B20908D4500266000 = {
						CreatedOnToolsVersion = 9.3;
					};
					65C2A15320908D4D00266000 = {
						CreatedOnToolsVersion = 9.3;
						TestTargetID = 65C2A13B20908D4500266000;
					};
					65C2A15E20908D4D00266000 = {
						CreatedOnToolsVersion = 9.3;
						TestTargetID = 65C2A13B20908D4500266000;
					};
				};
			};
			buildConfigurationList = 65C2A13720908D4500266000 /* Build configuration list for PBXProject "JRDigitalKlotski" */;
			compatibilityVersion = "Xcode 9.3";
			developmentRegion = en;
			hasScannedForEncodings = 0;
			knownRegions = (
				en,
				Base,
			);
			mainGroup = 65C2A13320908D4500266000;
			productRefGroup = 65C2A13D20908D4500266000 /* Products */;
			projectDirPath = "";
			projectRoot = "";
			targets = (
				65C2A13B20908D4500266000 /* JRDigitalKlotski */,
				65C2A15320908D4D00266000 /* JRDigitalKlotskiTests */,
				65C2A15E20908D4D00266000 /* JRDigitalKlotskiUITests */,
			);
		};
/* End PBXProject section */

/* Begin PBXResourcesBuildPhase section */
		65C2A13A20908D4500266000 /* Resources */ = {
			isa = PBXResourcesBuildPhase;
			buildActionMask = 2147483647;
			files = (
				65F033D02092B98400965DBF /* football01.png in Resources */,
				65C2A14C20908D4C00266000 /* LaunchScreen.storyboard in Resources */,
				65F033D42092C25400965DBF /* goback.png in Resources */,
				65F033CD2092B98400965DBF /* football03.png in Resources */,
				65EF163F2091FE370062750B /* JRCustomViewController.xib in Resources */,
				65F033D32092C25400965DBF /* help.png in Resources */,
				65C2A14920908D4C00266000 /* Assets.xcassets in Resources */,
				65F033CE2092B98400965DBF /* football04.png in Resources */,
				65F033E42092E12000965DBF /* launchImg.png in Resources */,
				65F033CF2092B98400965DBF /* football02.png in Resources */,
				65F033E02092D14B00965DBF /* levelBack.png in Resources */,
				65EF162F2091F9A90062750B /* JRLevelDetailsViewController.xib in Resources */,
				65E9828120919690009A81A2 /* football.png in Resources */,
				65F033DA2092C62B00965DBF /* selectLevel_lock.png in Resources */,
				65F033DF2092D14B00965DBF /* football06.png in Resources */,
				65F033DE2092D14B00965DBF /* football05.png in Resources */,
				65EF162A2091F9920062750B /* JRSelectLevelViewController.xib in Resources */,
				65C2A14720908D4500266000 /* Main.storyboard in Resources */,
				65F033C82092A47200965DBF /* JRCustomLevelViewController.xib in Resources */,
				65F033E22092D88000965DBF /* selectBack.png in Resources */,
				65EF16442091FE480062750B /* JRIntroductionViewController.xib in Resources */,
			);
			runOnlyForDeploymentPostprocessing = 0;
		};
		65C2A15220908D4D00266000 /* Resources */ = {
			isa = PBXResourcesBuildPhase;
			buildActionMask = 2147483647;
			files = (
			);
			runOnlyForDeploymentPostprocessing = 0;
		};
		65C2A15D20908D4D00266000 /* Resources */ = {
			isa = PBXResourcesBuildPhase;
			buildActionMask = 2147483647;
			files = (
			);
			runOnlyForDeploymentPostprocessing = 0;
		};
/* End PBXResourcesBuildPhase section */

/* Begin PBXShellScriptBuildPhase section */
		8B1237D46F2D01CFFBAE2817 /* [CP] Embed Pods Frameworks */ = {
			isa = PBXShellScriptBuildPhase;
			buildActionMask = 2147483647;
			files = (
			);
			inputPaths = (
			);
			name = "[CP] Embed Pods Frameworks";
			outputPaths = (
			);
			runOnlyForDeploymentPostprocessing = 0;
			shellPath = /bin/sh;
			shellScript = "\"${SRCROOT}/Pods/Target Support Files/Pods-JRDigitalKlotski/Pods-JRDigitalKlotski-frameworks.sh\"\n";
			showEnvVarsInLog = 0;
		};
		B2D202B7921F69CE87A29DCD /* [CP] Copy Pods Resources */ = {
			isa = PBXShellScriptBuildPhase;
			buildActionMask = 2147483647;
			files = (
			);
			inputPaths = (
			);
			name = "[CP] Copy Pods Resources";
			outputPaths = (
			);
			runOnlyForDeploymentPostprocessing = 0;
			shellPath = /bin/sh;
			shellScript = "\"${SRCROOT}/Pods/Target Support Files/Pods-JRDigitalKlotski/Pods-JRDigitalKlotski-resources.sh\"\n";
			showEnvVarsInLog = 0;
		};
		D99D0969CE13A2F1B85EDAA9 /* [CP] Check Pods Manifest.lock */ = {
			isa = PBXShellScriptBuildPhase;
			buildActionMask = 2147483647;
			files = (
			);
			inputPaths = (
				"${PODS_PODFILE_DIR_PATH}/Podfile.lock",
				"${PODS_ROOT}/Manifest.lock",
			);
			name = "[CP] Check Pods Manifest.lock";
			outputPaths = (
				"$(DERIVED_FILE_DIR)/Pods-JRDigitalKlotski-checkManifestLockResult.txt",
			);
			runOnlyForDeploymentPostprocessing = 0;
			shellPath = /bin/sh;
			shellScript = "diff \"${PODS_PODFILE_DIR_PATH}/Podfile.lock\" \"${PODS_ROOT}/Manifest.lock\" > /dev/null\nif [ $? != 0 ] ; then\n    # print error to STDERR\n    echo \"error: The sandbox is not in sync with the Podfile.lock. Run 'pod install' or update your CocoaPods installation.\" >&2\n    exit 1\nfi\n# This output is used by Xcode 'outputs' to avoid re-running this script phase.\necho \"SUCCESS\" > \"${SCRIPT_OUTPUT_FILE_0}\"\n";
			showEnvVarsInLog = 0;
		};
/* End PBXShellScriptBuildPhase section */

/* Begin PBXSourcesBuildPhase section */
		65C2A13820908D4500266000 /* Sources */ = {
			isa = PBXSourcesBuildPhase;
			buildActionMask = 2147483647;
			files = (
				65C2A14420908D4500266000 /* ViewController.m in Sources */,
				65E9827F209166D5009A81A2 /* JRUtils.m in Sources */,
				65EF16322091FBF30062750B /* UIColor+HEX.m in Sources */,
				65170DB82090B879003C7E52 /* JRDigitalKlotskiView.m in Sources */,
				65EF16292091F9920062750B /* JRSelectLevelViewController.m in Sources */,
				65170DBB2090B887003C7E52 /* JRDigitalView.m in Sources */,
				65F033C72092A47200965DBF /* JRCustomLevelViewController.m in Sources */,
				65C2A14F20908D4C00266000 /* main.m in Sources */,
				65EF163E2091FE370062750B /* JRCustomViewController.m in Sources */,
				65EF162E2091F9A90062750B /* JRLevelDetailsViewController.m in Sources */,
				65EF16352091FC510062750B /* JRUserDefaultsManager.m in Sources */,
				65170DB42090AC9E003C7E52 /* JRDigitalModel.m in Sources */,
				65EF16432091FE480062750B /* JRIntroductionViewController.m in Sources */,
				65170DB12090AB8F003C7E52 /* JRDigitalKlotskiManager.m in Sources */,
				65C2A14120908D4500266000 /* AppDelegate.m in Sources */,
			);
			runOnlyForDeploymentPostprocessing = 0;
		};
		65C2A15020908D4D00266000 /* Sources */ = {
			isa = PBXSourcesBuildPhase;
			buildActionMask = 2147483647;
			files = (
				65C2A15920908D4D00266000 /* JRDigitalKlotskiTests.m in Sources */,
			);
			runOnlyForDeploymentPostprocessing = 0;
		};
		65C2A15B20908D4D00266000 /* Sources */ = {
			isa = PBXSourcesBuildPhase;
			buildActionMask = 2147483647;
			files = (
				65C2A16420908D4D00266000 /* JRDigitalKlotskiUITests.m in Sources */,
			);
			runOnlyForDeploymentPostprocessing = 0;
		};
/* End PBXSourcesBuildPhase section */

/* Begin PBXTargetDependency section */
		65C2A15620908D4D00266000 /* PBXTargetDependency */ = {
			isa = PBXTargetDependency;
			target = 65C2A13B20908D4500266000 /* JRDigitalKlotski */;
			targetProxy = 65C2A15520908D4D00266000 /* PBXContainerItemProxy */;
		};
		65C2A16120908D4D00266000 /* PBXTargetDependency */ = {
			isa = PBXTargetDependency;
			target = 65C2A13B20908D4500266000 /* JRDigitalKlotski */;
			targetProxy = 65C2A16020908D4D00266000 /* PBXContainerItemProxy */;
		};
/* End PBXTargetDependency section */

/* Begin PBXVariantGroup section */
		65C2A14520908D4500266000 /* Main.storyboard */ = {
			isa = PBXVariantGroup;
			children = (
				65C2A14620908D4500266000 /* Base */,
			);
			name = Main.storyboard;
			sourceTree = "<group>";
		};
		65C2A14A20908D4C00266000 /* LaunchScreen.storyboard */ = {
			isa = PBXVariantGroup;
			children = (
				65C2A14B20908D4C00266000 /* Base */,
			);
			name = LaunchScreen.storyboard;
			sourceTree = "<group>";
		};
/* End PBXVariantGroup section */

/* Begin XCBuildConfiguration section */
		65C2A16620908D4E00266000 /* Debug */ = {
			isa = XCBuildConfiguration;
			buildSettings = {
				ALWAYS_SEARCH_USER_PATHS = NO;
				CLANG_ANALYZER_NONNULL = YES;
				CLANG_ANALYZER_NUMBER_OBJECT_CONVERSION = YES_AGGRESSIVE;
				CLANG_CXX_LANGUAGE_STANDARD = "gnu++14";
				CLANG_CXX_LIBRARY = "libc++";
				CLANG_ENABLE_MODULES = YES;
				CLANG_ENABLE_OBJC_ARC = YES;
				CLANG_ENABLE_OBJC_WEAK = YES;
				CLANG_WARN_BLOCK_CAPTURE_AUTORELEASING = YES;
				CLANG_WARN_BOOL_CONVERSION = YES;
				CLANG_WARN_COMMA = YES;
				CLANG_WARN_CONSTANT_CONVERSION = YES;
				CLANG_WARN_DEPRECATED_OBJC_IMPLEMENTATIONS = YES;
				CLANG_WARN_DIRECT_OBJC_ISA_USAGE = YES_ERROR;
				CLANG_WARN_DOCUMENTATION_COMMENTS = YES;
				CLANG_WARN_EMPTY_BODY = YES;
				CLANG_WARN_ENUM_CONVERSION = YES;
				CLANG_WARN_INFINITE_RECURSION = YES;
				CLANG_WARN_INT_CONVERSION = YES;
				CLANG_WARN_NON_LITERAL_NULL_CONVERSION = YES;
				CLANG_WARN_OBJC_IMPLICIT_RETAIN_SELF = YES;
				CLANG_WARN_OBJC_LITERAL_CONVERSION = YES;
				CLANG_WARN_OBJC_ROOT_CLASS = YES_ERROR;
				CLANG_WARN_RANGE_LOOP_ANALYSIS = YES;
				CLANG_WARN_STRICT_PROTOTYPES = YES;
				CLANG_WARN_SUSPICIOUS_MOVE = YES;
				CLANG_WARN_UNGUARDED_AVAILABILITY = YES_AGGRESSIVE;
				CLANG_WARN_UNREACHABLE_CODE = YES;
				CLANG_WARN__DUPLICATE_METHOD_MATCH = YES;
				CODE_SIGN_IDENTITY = "iPhone Developer";
				COPY_PHASE_STRIP = NO;
				DEBUG_INFORMATION_FORMAT = dwarf;
				ENABLE_STRICT_OBJC_MSGSEND = YES;
				ENABLE_TESTABILITY = YES;
				GCC_C_LANGUAGE_STANDARD = gnu11;
				GCC_DYNAMIC_NO_PIC = NO;
				GCC_NO_COMMON_BLOCKS = YES;
				GCC_OPTIMIZATION_LEVEL = 0;
				GCC_PREPROCESSOR_DEFINITIONS = (
					"DEBUG=1",
					"$(inherited)",
				);
				GCC_WARN_64_TO_32_BIT_CONVERSION = YES;
				GCC_WARN_ABOUT_RETURN_TYPE = YES_ERROR;
				GCC_WARN_UNDECLARED_SELECTOR = YES;
				GCC_WARN_UNINITIALIZED_AUTOS = YES_AGGRESSIVE;
				GCC_WARN_UNUSED_FUNCTION = YES;
				GCC_WARN_UNUSED_VARIABLE = YES;
				IPHONEOS_DEPLOYMENT_TARGET = 11.3;
				MTL_ENABLE_DEBUG_INFO = YES;
				ONLY_ACTIVE_ARCH = YES;
				SDKROOT = iphoneos;
			};
			name = Debug;
		};
		65C2A16720908D4E00266000 /* Release */ = {
			isa = XCBuildConfiguration;
			buildSettings = {
				ALWAYS_SEARCH_USER_PATHS = NO;
				CLANG_ANALYZER_NONNULL = YES;
				CLANG_ANALYZER_NUMBER_OBJECT_CONVERSION = YES_AGGRESSIVE;
				CLANG_CXX_LANGUAGE_STANDARD = "gnu++14";
				CLANG_CXX_LIBRARY = "libc++";
				CLANG_ENABLE_MODULES = YES;
				CLANG_ENABLE_OBJC_ARC = YES;
				CLANG_ENABLE_OBJC_WEAK = YES;
				CLANG_WARN_BLOCK_CAPTURE_AUTORELEASING = YES;
				CLANG_WARN_BOOL_CONVERSION = YES;
				CLANG_WARN_COMMA = YES;
				CLANG_WARN_CONSTANT_CONVERSION = YES;
				CLANG_WARN_DEPRECATED_OBJC_IMPLEMENTATIONS = YES;
				CLANG_WARN_DIRECT_OBJC_ISA_USAGE = YES_ERROR;
				CLANG_WARN_DOCUMENTATION_COMMENTS = YES;
				CLANG_WARN_EMPTY_BODY = YES;
				CLANG_WARN_ENUM_CONVERSION = YES;
				CLANG_WARN_INFINITE_RECURSION = YES;
				CLANG_WARN_INT_CONVERSION = YES;
				CLANG_WARN_NON_LITERAL_NULL_CONVERSION = YES;
				CLANG_WARN_OBJC_IMPLICIT_RETAIN_SELF = YES;
				CLANG_WARN_OBJC_LITERAL_CONVERSION = YES;
				CLANG_WARN_OBJC_ROOT_CLASS = YES_ERROR;
				CLANG_WARN_RANGE_LOOP_ANALYSIS = YES;
				CLANG_WARN_STRICT_PROTOTYPES = YES;
				CLANG_WARN_SUSPICIOUS_MOVE = YES;
				CLANG_WARN_UNGUARDED_AVAILABILITY = YES_AGGRESSIVE;
				CLANG_WARN_UNREACHABLE_CODE = YES;
				CLANG_WARN__DUPLICATE_METHOD_MATCH = YES;
				CODE_SIGN_IDENTITY = "iPhone Developer";
				COPY_PHASE_STRIP = NO;
				DEBUG_INFORMATION_FORMAT = "dwarf-with-dsym";
				ENABLE_NS_ASSERTIONS = NO;
				ENABLE_STRICT_OBJC_MSGSEND = YES;
				GCC_C_LANGUAGE_STANDARD = gnu11;
				GCC_NO_COMMON_BLOCKS = YES;
				GCC_WARN_64_TO_32_BIT_CONVERSION = YES;
				GCC_WARN_ABOUT_RETURN_TYPE = YES_ERROR;
				GCC_WARN_UNDECLARED_SELECTOR = YES;
				GCC_WARN_UNINITIALIZED_AUTOS = YES_AGGRESSIVE;
				GCC_WARN_UNUSED_FUNCTION = YES;
				GCC_WARN_UNUSED_VARIABLE = YES;
				IPHONEOS_DEPLOYMENT_TARGET = 11.3;
				MTL_ENABLE_DEBUG_INFO = NO;
				SDKROOT = iphoneos;
				VALIDATE_PRODUCT = YES;
			};
			name = Release;
		};
		65C2A16920908D4E00266000 /* Debug */ = {
			isa = XCBuildConfiguration;
			baseConfigurationReference = E732DE43E5E3E4B78A2D06B8 /* Pods-JRDigitalKlotski.debug.xcconfig */;
			buildSettings = {
				ASSETCATALOG_COMPILER_APPICON_NAME = AppIcon;
				CODE_SIGN_STYLE = Automatic;
				DEVELOPMENT_TEAM = 5GT4W9MRBY;
				GCC_PREFIX_HEADER = "$(SRCROOT)/JRDigitalKlotski/Utils/PrefixHeader.pch";
				INFOPLIST_FILE = JRDigitalKlotski/Info.plist;
				IPHONEOS_DEPLOYMENT_TARGET = 9.0;
				LD_RUNPATH_SEARCH_PATHS = (
					"$(inherited)",
					"@executable_path/Frameworks",
				);
				PRODUCT_BUNDLE_IDENTIFIER = com.tulipJRDigitalKlotski.JRDigitalKlotski;
				PRODUCT_NAME = "$(TARGET_NAME)";
				TARGETED_DEVICE_FAMILY = 1;
			};
			name = Debug;
		};
		65C2A16A20908D4E00266000 /* Release */ = {
			isa = XCBuildConfiguration;
			baseConfigurationReference = 181F759080968FFF35FA6846 /* Pods-JRDigitalKlotski.release.xcconfig */;
			buildSettings = {
				ASSETCATALOG_COMPILER_APPICON_NAME = AppIcon;
				CODE_SIGN_STYLE = Automatic;
				DEVELOPMENT_TEAM = 5GT4W9MRBY;
				GCC_PREFIX_HEADER = "$(SRCROOT)/JRDigitalKlotski/Utils/PrefixHeader.pch";
				INFOPLIST_FILE = JRDigitalKlotski/Info.plist;
				IPHONEOS_DEPLOYMENT_TARGET = 9.0;
				LD_RUNPATH_SEARCH_PATHS = (
					"$(inherited)",
					"@executable_path/Frameworks",
				);
				PRODUCT_BUNDLE_IDENTIFIER = com.tulipJRDigitalKlotski.JRDigitalKlotski;
				PRODUCT_NAME = "$(TARGET_NAME)";
				TARGETED_DEVICE_FAMILY = 1;
			};
			name = Release;
		};
		65C2A16C20908D4E00266000 /* Debug */ = {
			isa = XCBuildConfiguration;
			buildSettings = {
				BUNDLE_LOADER = "$(TEST_HOST)";
				CODE_SIGN_STYLE = Automatic;
				DEVELOPMENT_TEAM = K57F93BM5Q;
				INFOPLIST_FILE = JRDigitalKlotskiTests/Info.plist;
				LD_RUNPATH_SEARCH_PATHS = (
					"$(inherited)",
					"@executable_path/Frameworks",
					"@loader_path/Frameworks",
				);
				PRODUCT_BUNDLE_IDENTIFIER = com.tulip.JRDigitalKlotskiTests;
				PRODUCT_NAME = "$(TARGET_NAME)";
				TARGETED_DEVICE_FAMILY = "1,2";
				TEST_HOST = "$(BUILT_PRODUCTS_DIR)/JRDigitalKlotski.app/JRDigitalKlotski";
			};
			name = Debug;
		};
		65C2A16D20908D4E00266000 /* Release */ = {
			isa = XCBuildConfiguration;
			buildSettings = {
				BUNDLE_LOADER = "$(TEST_HOST)";
				CODE_SIGN_STYLE = Automatic;
				DEVELOPMENT_TEAM = K57F93BM5Q;
				INFOPLIST_FILE = JRDigitalKlotskiTests/Info.plist;
				LD_RUNPATH_SEARCH_PATHS = (
					"$(inherited)",
					"@executable_path/Frameworks",
					"@loader_path/Frameworks",
				);
				PRODUCT_BUNDLE_IDENTIFIER = com.tulip.JRDigitalKlotskiTests;
				PRODUCT_NAME = "$(TARGET_NAME)";
				TARGETED_DEVICE_FAMILY = "1,2";
				TEST_HOST = "$(BUILT_PRODUCTS_DIR)/JRDigitalKlotski.app/JRDigitalKlotski";
			};
			name = Release;
		};
		65C2A16F20908D4E00266000 /* Debug */ = {
			isa = XCBuildConfiguration;
			buildSettings = {
				CODE_SIGN_STYLE = Automatic;
				DEVELOPMENT_TEAM = K57F93BM5Q;
				INFOPLIST_FILE = JRDigitalKlotskiUITests/Info.plist;
				LD_RUNPATH_SEARCH_PATHS = (
					"$(inherited)",
					"@executable_path/Frameworks",
					"@loader_path/Frameworks",
				);
				PRODUCT_BUNDLE_IDENTIFIER = com.tulip.JRDigitalKlotskiUITests;
				PRODUCT_NAME = "$(TARGET_NAME)";
				TARGETED_DEVICE_FAMILY = "1,2";
				TEST_TARGET_NAME = JRDigitalKlotski;
			};
			name = Debug;
		};
		65C2A17020908D4E00266000 /* Release */ = {
			isa = XCBuildConfiguration;
			buildSettings = {
				CODE_SIGN_STYLE = Automatic;
				DEVELOPMENT_TEAM = K57F93BM5Q;
				INFOPLIST_FILE = JRDigitalKlotskiUITests/Info.plist;
				LD_RUNPATH_SEARCH_PATHS = (
					"$(inherited)",
					"@executable_path/Frameworks",
					"@loader_path/Frameworks",
				);
				PRODUCT_BUNDLE_IDENTIFIER = com.tulip.JRDigitalKlotskiUITests;
				PRODUCT_NAME = "$(TARGET_NAME)";
				TARGETED_DEVICE_FAMILY = "1,2";
				TEST_TARGET_NAME = JRDigitalKlotski;
			};
			name = Release;
		};
/* End XCBuildConfiguration section */

/* Begin XCConfigurationList section */
		65C2A13720908D4500266000 /* Build configuration list for PBXProject "JRDigitalKlotski" */ = {
			isa = XCConfigurationList;
			buildConfigurations = (
				65C2A16620908D4E00266000 /* Debug */,
				65C2A16720908D4E00266000 /* Release */,
			);
			defaultConfigurationIsVisible = 0;
			defaultConfigurationName = Release;
		};
		65C2A16820908D4E00266000 /* Build configuration list for PBXNativeTarget "JRDigitalKlotski" */ = {
			isa = XCConfigurationList;
			buildConfigurations = (
				65C2A16920908D4E00266000 /* Debug */,
				65C2A16A20908D4E00266000 /* Release */,
			);
			defaultConfigurationIsVisible = 0;
			defaultConfigurationName = Release;
		};
		65C2A16B20908D4E00266000 /* Build configuration list for PBXNativeTarget "JRDigitalKlotskiTests" */ = {
			isa = XCConfigurationList;
			buildConfigurations = (
				65C2A16C20908D4E00266000 /* Debug */,
				65C2A16D20908D4E00266000 /* Release */,
			);
			defaultConfigurationIsVisible = 0;
			defaultConfigurationName = Release;
		};
		65C2A16E20908D4E00266000 /* Build configuration list for PBXNativeTarget "JRDigitalKlotskiUITests" */ = {
			isa = XCConfigurationList;
			buildConfigurations = (
				65C2A16F20908D4E00266000 /* Debug */,
				65C2A17020908D4E00266000 /* Release */,
			);
			defaultConfigurationIsVisible = 0;
			defaultConfigurationName = Release;
		};
/* End XCConfigurationList section */
	};
	rootObject = 65C2A13420908D4500266000 /* Project object */;
}
